// !$*UTF8*$!
{
	archiveVersion = 1;
	classes = {
	};
	objectVersion = 46;
	objects = {

/* Begin PBXBuildFile section */
		B350C6D419E7FBD500EF9966 /* Ibeacon.swift in Sources */ = {isa = PBXBuildFile; fileRef = B350C6D319E7FBD500EF9966 /* Ibeacon.swift */; };
		B36C411A19DBF02E00F25768 /* AppDelegate.swift in Sources */ = {isa = PBXBuildFile; fileRef = B36C411919DBF02E00F25768 /* AppDelegate.swift */; };
		B36C411F19DBF02E00F25768 /* Main.storyboard in Resources */ = {isa = PBXBuildFile; fileRef = B36C411D19DBF02E00F25768 /* Main.storyboard */; };
		B36C412119DBF02E00F25768 /* Images.xcassets in Resources */ = {isa = PBXBuildFile; fileRef = B36C412019DBF02E00F25768 /* Images.xcassets */; };
		B36C412419DBF02E00F25768 /* LaunchScreen.xib in Resources */ = {isa = PBXBuildFile; fileRef = B36C412219DBF02E00F25768 /* LaunchScreen.xib */; };
		B36C413019DBF02E00F25768 /* iBeaconsTests.swift in Sources */ = {isa = PBXBuildFile; fileRef = B36C412F19DBF02E00F25768 /* iBeaconsTests.swift */; };
		B36C413A19DBF0B300F25768 /* MainScreen.swift in Sources */ = {isa = PBXBuildFile; fileRef = B36C413919DBF0B300F25768 /* MainScreen.swift */; };
		B36C413C19DBF19600F25768 /* TestScan.swift in Sources */ = {isa = PBXBuildFile; fileRef = B36C413B19DBF19600F25768 /* TestScan.swift */; };
		B36C413E19DBFE8600F25768 /* TestScanCell.swift in Sources */ = {isa = PBXBuildFile; fileRef = B36C413D19DBFE8600F25768 /* TestScanCell.swift */; };
		B36C414019DC22F200F25768 /* CoreLocation.framework in Frameworks */ = {isa = PBXBuildFile; fileRef = B36C413F19DC22F200F25768 /* CoreLocation.framework */; };
		B39242C719E3D98900A2F9EE /* iBeacon-is-Big-with-Mobile-Marketers.png in Resources */ = {isa = PBXBuildFile; fileRef = B39242C619E3D98900A2F9EE /* iBeacon-is-Big-with-Mobile-Marketers.png */; };
		B39242CF19E3DB3D00A2F9EE /* Icon29.png in Resources */ = {isa = PBXBuildFile; fileRef = B39242CC19E3DB3D00A2F9EE /* Icon29.png */; };
		B39242D019E3DB3D00A2F9EE /* Icon40.png in Resources */ = {isa = PBXBuildFile; fileRef = B39242CD19E3DB3D00A2F9EE /* Icon40.png */; };
		B39242D119E3DB3D00A2F9EE /* Icon60.png in Resources */ = {isa = PBXBuildFile; fileRef = B39242CE19E3DB3D00A2F9EE /* Icon60.png */; };
		B3D5BC3919DE845B009FB8AC /* ScanningBeacons.swift in Sources */ = {isa = PBXBuildFile; fileRef = B3D5BC3819DE845B009FB8AC /* ScanningBeacons.swift */; };
		B3D5BC3B19DEA29B009FB8AC /* spinner.gif in Resources */ = {isa = PBXBuildFile; fileRef = B3D5BC3A19DEA29B009FB8AC /* spinner.gif */; };
		B3DC2BDC19DC35480057072B /* ListBeaconCell.swift in Sources */ = {isa = PBXBuildFile; fileRef = B3DC2BDB19DC35480057072B /* ListBeaconCell.swift */; };
		B3DC2BE019DC386C0057072B /* ListBeacons.swift in Sources */ = {isa = PBXBuildFile; fileRef = B3DC2BDF19DC386C0057072B /* ListBeacons.swift */; };
		B3DC2BE219DC3E870057072B /* AddBeacon.swift in Sources */ = {isa = PBXBuildFile; fileRef = B3DC2BE119DC3E870057072B /* AddBeacon.swift */; };
		B3DC2BE619DC4A520057072B /* ScannedBeaconsCell.swift in Sources */ = {isa = PBXBuildFile; fileRef = B3DC2BE519DC4A520057072B /* ScannedBeaconsCell.swift */; };
		B3DC2BE819DD39C00057072B /* ScannedBeacons.swift in Sources */ = {isa = PBXBuildFile; fileRef = B3DC2BE719DD39C00057072B /* ScannedBeacons.swift */; };
		B3DC2BEA19DD59500057072B /* libsqlite3.dylib in Frameworks */ = {isa = PBXBuildFile; fileRef = B3DC2BE919DD59500057072B /* libsqlite3.dylib */; };
		B3DC2BF719DD6D410057072B /* DatabaseController.m in Sources */ = {isa = PBXBuildFile; fileRef = B3DC2BF619DD6D410057072B /* DatabaseController.m */; };
		B3DC2BFA19DD6ED10057072B /* SQLiteUtils.m in Sources */ = {isa = PBXBuildFile; fileRef = B3DC2BF919DD6ED10057072B /* SQLiteUtils.m */; };
		B3DC2BFE19DD791C0057072B /* ScanningBeaconsCell.swift in Sources */ = {isa = PBXBuildFile; fileRef = B3DC2BFD19DD791C0057072B /* ScanningBeaconsCell.swift */; };
		B3FE883819EFE230008F672B /* json.swift in Sources */ = {isa = PBXBuildFile; fileRef = B3FE883719EFE230008F672B /* json.swift */; };
/* End PBXBuildFile section */

/* Begin PBXContainerItemProxy section */
		B36C412A19DBF02E00F25768 /* PBXContainerItemProxy */ = {
			isa = PBXContainerItemProxy;
			containerPortal = B36C410C19DBF02E00F25768 /* Project object */;
			proxyType = 1;
			remoteGlobalIDString = B36C411319DBF02E00F25768;
			remoteInfo = iBeacons;
		};
/* End PBXContainerItemProxy section */

/* Begin PBXFileReference section */
		B350C6D319E7FBD500EF9966 /* Ibeacon.swift */ = {isa = PBXFileReference; fileEncoding = 4; lastKnownFileType = sourcecode.swift; path = Ibeacon.swift; sourceTree = "<group>"; };
		B36C411419DBF02E00F25768 /* iBeacons.app */ = {isa = PBXFileReference; explicitFileType = wrapper.application; includeInIndex = 0; path = iBeacons.app; sourceTree = BUILT_PRODUCTS_DIR; };
		B36C411819DBF02E00F25768 /* Info.plist */ = {isa = PBXFileReference; lastKnownFileType = text.plist.xml; path = Info.plist; sourceTree = "<group>"; };
		B36C411919DBF02E00F25768 /* AppDelegate.swift */ = {isa = PBXFileReference; lastKnownFileType = sourcecode.swift; path = AppDelegate.swift; sourceTree = "<group>"; xcLanguageSpecificationIdentifier = xcode.lang.simpleColoring; };
		B36C411E19DBF02E00F25768 /* Base */ = {isa = PBXFileReference; lastKnownFileType = file.storyboard; name = Base; path = Base.lproj/Main.storyboard; sourceTree = "<group>"; };
		B36C412019DBF02E00F25768 /* Images.xcassets */ = {isa = PBXFileReference; lastKnownFileType = folder.assetcatalog; path = Images.xcassets; sourceTree = "<group>"; };
		B36C412319DBF02E00F25768 /* Base */ = {isa = PBXFileReference; lastKnownFileType = file.xib; name = Base; path = Base.lproj/LaunchScreen.xib; sourceTree = "<group>"; };
		B36C412919DBF02E00F25768 /* iBeaconsTests.xctest */ = {isa = PBXFileReference; explicitFileType = wrapper.cfbundle; includeInIndex = 0; path = iBeaconsTests.xctest; sourceTree = BUILT_PRODUCTS_DIR; };
		B36C412E19DBF02E00F25768 /* Info.plist */ = {isa = PBXFileReference; lastKnownFileType = text.plist.xml; path = Info.plist; sourceTree = "<group>"; };
		B36C412F19DBF02E00F25768 /* iBeaconsTests.swift */ = {isa = PBXFileReference; lastKnownFileType = sourcecode.swift; path = iBeaconsTests.swift; sourceTree = "<group>"; };
		B36C413919DBF0B300F25768 /* MainScreen.swift */ = {isa = PBXFileReference; fileEncoding = 4; lastKnownFileType = sourcecode.swift; path = MainScreen.swift; sourceTree = "<group>"; };
		B36C413B19DBF19600F25768 /* TestScan.swift */ = {isa = PBXFileReference; fileEncoding = 4; lastKnownFileType = sourcecode.swift; path = TestScan.swift; sourceTree = "<group>"; };
		B36C413D19DBFE8600F25768 /* TestScanCell.swift */ = {isa = PBXFileReference; fileEncoding = 4; lastKnownFileType = sourcecode.swift; path = TestScanCell.swift; sourceTree = "<group>"; };
		B36C413F19DC22F200F25768 /* CoreLocation.framework */ = {isa = PBXFileReference; lastKnownFileType = wrapper.framework; name = CoreLocation.framework; path = System/Library/Frameworks/CoreLocation.framework; sourceTree = SDKROOT; };
		B39242C619E3D98900A2F9EE /* iBeacon-is-Big-with-Mobile-Marketers.png */ = {isa = PBXFileReference; lastKnownFileType = image.png; path = "iBeacon-is-Big-with-Mobile-Marketers.png"; sourceTree = "<group>"; };
		B39242CC19E3DB3D00A2F9EE /* Icon29.png */ = {isa = PBXFileReference; lastKnownFileType = image.png; path = Icon29.png; sourceTree = "<group>"; };
		B39242CD19E3DB3D00A2F9EE /* Icon40.png */ = {isa = PBXFileReference; lastKnownFileType = image.png; path = Icon40.png; sourceTree = "<group>"; };
		B39242CE19E3DB3D00A2F9EE /* Icon60.png */ = {isa = PBXFileReference; lastKnownFileType = image.png; path = Icon60.png; sourceTree = "<group>"; };
		B3D5BC3819DE845B009FB8AC /* ScanningBeacons.swift */ = {isa = PBXFileReference; fileEncoding = 4; lastKnownFileType = sourcecode.swift; path = ScanningBeacons.swift; sourceTree = "<group>"; };
		B3D5BC3A19DEA29B009FB8AC /* spinner.gif */ = {isa = PBXFileReference; lastKnownFileType = image.gif; path = spinner.gif; sourceTree = "<group>"; };
		B3DC2BDB19DC35480057072B /* ListBeaconCell.swift */ = {isa = PBXFileReference; fileEncoding = 4; lastKnownFileType = sourcecode.swift; path = ListBeaconCell.swift; sourceTree = "<group>"; };
		B3DC2BDF19DC386C0057072B /* ListBeacons.swift */ = {isa = PBXFileReference; fileEncoding = 4; lastKnownFileType = sourcecode.swift; path = ListBeacons.swift; sourceTree = "<group>"; };
		B3DC2BE119DC3E870057072B /* AddBeacon.swift */ = {isa = PBXFileReference; fileEncoding = 4; lastKnownFileType = sourcecode.swift; path = AddBeacon.swift; sourceTree = "<group>"; };
		B3DC2BE519DC4A520057072B /* ScannedBeaconsCell.swift */ = {isa = PBXFileReference; fileEncoding = 4; lastKnownFileType = sourcecode.swift; path = ScannedBeaconsCell.swift; sourceTree = "<group>"; };
		B3DC2BE719DD39C00057072B /* ScannedBeacons.swift */ = {isa = PBXFileReference; fileEncoding = 4; lastKnownFileType = sourcecode.swift; path = ScannedBeacons.swift; sourceTree = "<group>"; };
		B3DC2BE919DD59500057072B /* libsqlite3.dylib */ = {isa = PBXFileReference; lastKnownFileType = "compiled.mach-o.dylib"; name = libsqlite3.dylib; path = usr/lib/libsqlite3.dylib; sourceTree = SDKROOT; };
		B3DC2BEB19DD5EDF0057072B /* iBeacons-Bridging-Header.h */ = {isa = PBXFileReference; lastKnownFileType = sourcecode.c.h; path = "iBeacons-Bridging-Header.h"; sourceTree = "<group>"; };
		B3DC2BF519DD6D410057072B /* DatabaseController.h */ = {isa = PBXFileReference; fileEncoding = 4; lastKnownFileType = sourcecode.c.h; path = DatabaseController.h; sourceTree = "<group>"; };
		B3DC2BF619DD6D410057072B /* DatabaseController.m */ = {isa = PBXFileReference; fileEncoding = 4; lastKnownFileType = sourcecode.c.objc; path = DatabaseController.m; sourceTree = "<group>"; };
		B3DC2BF819DD6ED10057072B /* SQLiteUtils.h */ = {isa = PBXFileReference; fileEncoding = 4; lastKnownFileType = sourcecode.c.h; path = SQLiteUtils.h; sourceTree = "<group>"; };
		B3DC2BF919DD6ED10057072B /* SQLiteUtils.m */ = {isa = PBXFileReference; fileEncoding = 4; lastKnownFileType = sourcecode.c.objc; path = SQLiteUtils.m; sourceTree = "<group>"; };
		B3DC2BFD19DD791C0057072B /* ScanningBeaconsCell.swift */ = {isa = PBXFileReference; fileEncoding = 4; lastKnownFileType = sourcecode.swift; path = ScanningBeaconsCell.swift; sourceTree = "<group>"; };
		B3FE883719EFE230008F672B /* json.swift */ = {isa = PBXFileReference; fileEncoding = 4; lastKnownFileType = sourcecode.swift; path = json.swift; sourceTree = "<group>"; };
/* End PBXFileReference section */

/* Begin PBXFrameworksBuildPhase section */
		B36C411119DBF02E00F25768 /* Frameworks */ = {
			isa = PBXFrameworksBuildPhase;
			buildActionMask = 2147483647;
			files = (
				B3DC2BEA19DD59500057072B /* libsqlite3.dylib in Frameworks */,
				B36C414019DC22F200F25768 /* CoreLocation.framework in Frameworks */,
			);
			runOnlyForDeploymentPostprocessing = 0;
		};
		B36C412619DBF02E00F25768 /* Frameworks */ = {
			isa = PBXFrameworksBuildPhase;
			buildActionMask = 2147483647;
			files = (
			);
			runOnlyForDeploymentPostprocessing = 0;
		};
/* End PBXFrameworksBuildPhase section */

/* Begin PBXGroup section */
		B36C410B19DBF02E00F25768 = {
			isa = PBXGroup;
			children = (
				B3DC2BE919DD59500057072B /* libsqlite3.dylib */,
				B36C413F19DC22F200F25768 /* CoreLocation.framework */,
				B36C411619DBF02E00F25768 /* iBeacons */,
				B36C412C19DBF02E00F25768 /* iBeaconsTests */,
				B36C411519DBF02E00F25768 /* Products */,
				B3DC2BEB19DD5EDF0057072B /* iBeacons-Bridging-Header.h */,
			);
			sourceTree = "<group>";
		};
		B36C411519DBF02E00F25768 /* Products */ = {
			isa = PBXGroup;
			children = (
				B36C411419DBF02E00F25768 /* iBeacons.app */,
				B36C412919DBF02E00F25768 /* iBeaconsTests.xctest */,
			);
			name = Products;
			sourceTree = "<group>";
		};
		B36C411619DBF02E00F25768 /* iBeacons */ = {
			isa = PBXGroup;
			children = (
				B3DC2BF519DD6D410057072B /* DatabaseController.h */,
				B3DC2BF619DD6D410057072B /* DatabaseController.m */,
				B3DC2BF819DD6ED10057072B /* SQLiteUtils.h */,
				B3DC2BF919DD6ED10057072B /* SQLiteUtils.m */,
				B350C6D319E7FBD500EF9966 /* Ibeacon.swift */,
				B36C411919DBF02E00F25768 /* AppDelegate.swift */,
				B36C413919DBF0B300F25768 /* MainScreen.swift */,
				B36C411D19DBF02E00F25768 /* Main.storyboard */,
				B36C413D19DBFE8600F25768 /* TestScanCell.swift */,
				B36C413B19DBF19600F25768 /* TestScan.swift */,
				B3DC2BE119DC3E870057072B /* AddBeacon.swift */,
				B3DC2BDB19DC35480057072B /* ListBeaconCell.swift */,
				B3FE883719EFE230008F672B /* json.swift */,
				B3DC2BDF19DC386C0057072B /* ListBeacons.swift */,
				B3DC2BE519DC4A520057072B /* ScannedBeaconsCell.swift */,
				B3DC2BE719DD39C00057072B /* ScannedBeacons.swift */,
				B3DC2BFD19DD791C0057072B /* ScanningBeaconsCell.swift */,
				B3D5BC3819DE845B009FB8AC /* ScanningBeacons.swift */,
				B36C412019DBF02E00F25768 /* Images.xcassets */,
				B3D5BC3A19DEA29B009FB8AC /* spinner.gif */,
				B36C412219DBF02E00F25768 /* LaunchScreen.xib */,
				B36C411719DBF02E00F25768 /* Supporting Files */,
			);
			path = iBeacons;
			sourceTree = "<group>";
		};
		B36C411719DBF02E00F25768 /* Supporting Files */ = {
			isa = PBXGroup;
			children = (
				B39242CC19E3DB3D00A2F9EE /* Icon29.png */,
				B39242CD19E3DB3D00A2F9EE /* Icon40.png */,
				B39242CE19E3DB3D00A2F9EE /* Icon60.png */,
				B39242C619E3D98900A2F9EE /* iBeacon-is-Big-with-Mobile-Marketers.png */,
				B36C411819DBF02E00F25768 /* Info.plist */,
			);
			name = "Supporting Files";
			sourceTree = "<group>";
		};
		B36C412C19DBF02E00F25768 /* iBeaconsTests */ = {
			isa = PBXGroup;
			children = (
				B36C412F19DBF02E00F25768 /* iBeaconsTests.swift */,
				B36C412D19DBF02E00F25768 /* Supporting Files */,
			);
			path = iBeaconsTests;
			sourceTree = "<group>";
		};
		B36C412D19DBF02E00F25768 /* Supporting Files */ = {
			isa = PBXGroup;
			children = (
				B36C412E19DBF02E00F25768 /* Info.plist */,
			);
			name = "Supporting Files";
			sourceTree = "<group>";
		};
/* End PBXGroup section */

/* Begin PBXNativeTarget section */
		B36C411319DBF02E00F25768 /* iBeacons */ = {
			isa = PBXNativeTarget;
			buildConfigurationList = B36C413319DBF02E00F25768 /* Build configuration list for PBXNativeTarget "iBeacons" */;
			buildPhases = (
				B36C411019DBF02E00F25768 /* Sources */,
				B36C411119DBF02E00F25768 /* Frameworks */,
				B36C411219DBF02E00F25768 /* Resources */,
			);
			buildRules = (
			);
			dependencies = (
			);
			name = iBeacons;
			productName = iBeacons;
			productReference = B36C411419DBF02E00F25768 /* iBeacons.app */;
			productType = "com.apple.product-type.application";
		};
		B36C412819DBF02E00F25768 /* iBeaconsTests */ = {
			isa = PBXNativeTarget;
			buildConfigurationList = B36C413619DBF02E00F25768 /* Build configuration list for PBXNativeTarget "iBeaconsTests" */;
			buildPhases = (
				B36C412519DBF02E00F25768 /* Sources */,
				B36C412619DBF02E00F25768 /* Frameworks */,
				B36C412719DBF02E00F25768 /* Resources */,
			);
			buildRules = (
			);
			dependencies = (
				B36C412B19DBF02E00F25768 /* PBXTargetDependency */,
			);
			name = iBeaconsTests;
			productName = iBeaconsTests;
			productReference = B36C412919DBF02E00F25768 /* iBeaconsTests.xctest */;
			productType = "com.apple.product-type.bundle.unit-test";
		};
/* End PBXNativeTarget section */

/* Begin PBXProject section */
		B36C410C19DBF02E00F25768 /* Project object */ = {
			isa = PBXProject;
			attributes = {
				LastUpgradeCheck = 0600;
				ORGANIZATIONNAME = Move4Mobile;
				TargetAttributes = {
					B36C411319DBF02E00F25768 = {
						CreatedOnToolsVersion = 6.0.1;
						SystemCapabilities = {
							com.apple.BackgroundModes = {
								enabled = 1;
							};
						};
					};
					B36C412819DBF02E00F25768 = {
						CreatedOnToolsVersion = 6.0.1;
						TestTargetID = B36C411319DBF02E00F25768;
					};
				};
			};
			buildConfigurationList = B36C410F19DBF02E00F25768 /* Build configuration list for PBXProject "iBeacons" */;
			compatibilityVersion = "Xcode 3.2";
			developmentRegion = English;
			hasScannedForEncodings = 0;
			knownRegions = (
				en,
				Base,
			);
			mainGroup = B36C410B19DBF02E00F25768;
			productRefGroup = B36C411519DBF02E00F25768 /* Products */;
			projectDirPath = "";
			projectRoot = "";
			targets = (
				B36C411319DBF02E00F25768 /* iBeacons */,
				B36C412819DBF02E00F25768 /* iBeaconsTests */,
			);
		};
/* End PBXProject section */

/* Begin PBXResourcesBuildPhase section */
		B36C411219DBF02E00F25768 /* Resources */ = {
			isa = PBXResourcesBuildPhase;
			buildActionMask = 2147483647;
			files = (
				B36C411F19DBF02E00F25768 /* Main.storyboard in Resources */,
				B36C412419DBF02E00F25768 /* LaunchScreen.xib in Resources */,
				B39242C719E3D98900A2F9EE /* iBeacon-is-Big-with-Mobile-Marketers.png in Resources */,
				B39242D019E3DB3D00A2F9EE /* Icon40.png in Resources */,
				B39242D119E3DB3D00A2F9EE /* Icon60.png in Resources */,
				B39242CF19E3DB3D00A2F9EE /* Icon29.png in Resources */,
				B3D5BC3B19DEA29B009FB8AC /* spinner.gif in Resources */,
				B36C412119DBF02E00F25768 /* Images.xcassets in Resources */,
			);
			runOnlyForDeploymentPostprocessing = 0;
		};
		B36C412719DBF02E00F25768 /* Resources */ = {
			isa = PBXResourcesBuildPhase;
			buildActionMask = 2147483647;
			files = (
			);
			runOnlyForDeploymentPostprocessing = 0;
		};
/* End PBXResourcesBuildPhase section */

/* Begin PBXSourcesBuildPhase section */
		B36C411019DBF02E00F25768 /* Sources */ = {
			isa = PBXSourcesBuildPhase;
			buildActionMask = 2147483647;
			files = (
				B3DC2BE819DD39C00057072B /* ScannedBeacons.swift in Sources */,
				B3DC2BE619DC4A520057072B /* ScannedBeaconsCell.swift in Sources */,
				B3FE883819EFE230008F672B /* json.swift in Sources */,
				B3DC2BF719DD6D410057072B /* DatabaseController.m in Sources */,
				B3DC2BFE19DD791C0057072B /* ScanningBeaconsCell.swift in Sources */,
				B3DC2BE219DC3E870057072B /* AddBeacon.swift in Sources */,
				B36C413A19DBF0B300F25768 /* MainScreen.swift in Sources */,
				B3D5BC3919DE845B009FB8AC /* ScanningBeacons.swift in Sources */,
				B3DC2BE019DC386C0057072B /* ListBeacons.swift in Sources */,
				B3DC2BDC19DC35480057072B /* ListBeaconCell.swift in Sources */,
				B36C413C19DBF19600F25768 /* TestScan.swift in Sources */,
				B3DC2BFA19DD6ED10057072B /* SQLiteUtils.m in Sources */,
				B350C6D419E7FBD500EF9966 /* Ibeacon.swift in Sources */,
				B36C413E19DBFE8600F25768 /* TestScanCell.swift in Sources */,
				B36C411A19DBF02E00F25768 /* AppDelegate.swift in Sources */,
			);
			runOnlyForDeploymentPostprocessing = 0;
		};
		B36C412519DBF02E00F25768 /* Sources */ = {
			isa = PBXSourcesBuildPhase;
			buildActionMask = 2147483647;
			files = (
				B36C413019DBF02E00F25768 /* iBeaconsTests.swift in Sources */,
			);
			runOnlyForDeploymentPostprocessing = 0;
		};
/* End PBXSourcesBuildPhase section */

/* Begin PBXTargetDependency section */
		B36C412B19DBF02E00F25768 /* PBXTargetDependency */ = {
			isa = PBXTargetDependency;
			target = B36C411319DBF02E00F25768 /* iBeacons */;
			targetProxy = B36C412A19DBF02E00F25768 /* PBXContainerItemProxy */;
		};
/* End PBXTargetDependency section */

/* Begin PBXVariantGroup section */
		B36C411D19DBF02E00F25768 /* Main.storyboard */ = {
			isa = PBXVariantGroup;
			children = (
				B36C411E19DBF02E00F25768 /* Base */,
			);
			name = Main.storyboard;
			sourceTree = "<group>";
		};
		B36C412219DBF02E00F25768 /* LaunchScreen.xib */ = {
			isa = PBXVariantGroup;
			children = (
				B36C412319DBF02E00F25768 /* Base */,
			);
			name = LaunchScreen.xib;
			sourceTree = "<group>";
		};
/* End PBXVariantGroup section */

/* Begin XCBuildConfiguration section */
		B36C413119DBF02E00F25768 /* Debug */ = {
			isa = XCBuildConfiguration;
			buildSettings = {
				ALWAYS_SEARCH_USER_PATHS = NO;
				CLANG_CXX_LANGUAGE_STANDARD = "gnu++0x";
				CLANG_CXX_LIBRARY = "libc++";
				CLANG_ENABLE_MODULES = YES;
				CLANG_ENABLE_OBJC_ARC = YES;
				CLANG_WARN_BOOL_CONVERSION = YES;
				CLANG_WARN_CONSTANT_CONVERSION = YES;
				CLANG_WARN_DIRECT_OBJC_ISA_USAGE = YES_ERROR;
				CLANG_WARN_EMPTY_BODY = YES;
				CLANG_WARN_ENUM_CONVERSION = YES;
				CLANG_WARN_INT_CONVERSION = YES;
				CLANG_WARN_OBJC_ROOT_CLASS = YES_ERROR;
				CLANG_WARN_UNREACHABLE_CODE = YES;
				CLANG_WARN__DUPLICATE_METHOD_MATCH = YES;
				"CODE_SIGN_IDENTITY[sdk=iphoneos*]" = "iPhone Developer";
				COPY_PHASE_STRIP = NO;
				ENABLE_STRICT_OBJC_MSGSEND = YES;
				GCC_C_LANGUAGE_STANDARD = gnu99;
				GCC_DYNAMIC_NO_PIC = NO;
				GCC_OPTIMIZATION_LEVEL = 0;
				GCC_PREPROCESSOR_DEFINITIONS = (
					"DEBUG=1",
					"$(inherited)",
				);
				GCC_SYMBOLS_PRIVATE_EXTERN = NO;
				GCC_WARN_64_TO_32_BIT_CONVERSION = YES;
				GCC_WARN_ABOUT_RETURN_TYPE = YES_ERROR;
				GCC_WARN_UNDECLARED_SELECTOR = YES;
				GCC_WARN_UNINITIALIZED_AUTOS = YES_AGGRESSIVE;
				GCC_WARN_UNUSED_FUNCTION = YES;
				GCC_WARN_UNUSED_VARIABLE = YES;
				IPHONEOS_DEPLOYMENT_TARGET = 8.0;
				MTL_ENABLE_DEBUG_INFO = YES;
				ONLY_ACTIVE_ARCH = YES;
				SDKROOT = iphoneos;
				SWIFT_OPTIMIZATION_LEVEL = "-Onone";
			};
			name = Debug;
		};
		B36C413219DBF02E00F25768 /* Release */ = {
			isa = XCBuildConfiguration;
			buildSettings = {
				ALWAYS_SEARCH_USER_PATHS = NO;
				CLANG_CXX_LANGUAGE_STANDARD = "gnu++0x";
				CLANG_CXX_LIBRARY = "libc++";
				CLANG_ENABLE_MODULES = YES;
				CLANG_ENABLE_OBJC_ARC = YES;
				CLANG_WARN_BOOL_CONVERSION = YES;
				CLANG_WARN_CONSTANT_CONVERSION = YES;
				CLANG_WARN_DIRECT_OBJC_ISA_USAGE = YES_ERROR;
				CLANG_WARN_EMPTY_BODY = YES;
				CLANG_WARN_ENUM_CONVERSION = YES;
				CLANG_WARN_INT_CONVERSION = YES;
				CLANG_WARN_OBJC_ROOT_CLASS = YES_ERROR;
				CLANG_WARN_UNREACHABLE_CODE = YES;
				CLANG_WARN__DUPLICATE_METHOD_MATCH = YES;
				"CODE_SIGN_IDENTITY[sdk=iphoneos*]" = "iPhone Developer";
				COPY_PHASE_STRIP = YES;
				ENABLE_NS_ASSERTIONS = NO;
				ENABLE_STRICT_OBJC_MSGSEND = YES;
				GCC_C_LANGUAGE_STANDARD = gnu99;
				GCC_WARN_64_TO_32_BIT_CONVERSION = YES;
				GCC_WARN_ABOUT_RETURN_TYPE = YES_ERROR;
				GCC_WARN_UNDECLARED_SELECTOR = YES;
				GCC_WARN_UNINITIALIZED_AUTOS = YES_AGGRESSIVE;
				GCC_WARN_UNUSED_FUNCTION = YES;
				GCC_WARN_UNUSED_VARIABLE = YES;
				IPHONEOS_DEPLOYMENT_TARGET = 8.0;
				MTL_ENABLE_DEBUG_INFO = NO;
				SDKROOT = iphoneos;
				VALIDATE_PRODUCT = YES;
			};
			name = Release;
		};
		B36C413419DBF02E00F25768 /* Debug */ = {
			isa = XCBuildConfiguration;
			buildSettings = {
				ASSETCATALOG_COMPILER_APPICON_NAME = AppIcon;
				CLANG_ENABLE_MODULES = YES;
				INFOPLIST_FILE = iBeacons/Info.plist;
				LD_RUNPATH_SEARCH_PATHS = "$(inherited) @executable_path/Frameworks";
				PRODUCT_NAME = "$(TARGET_NAME)";
				PROVISIONING_PROFILE = "716d2182-f0fd-404d-bddc-73a5dc3cf3f7";
				SWIFT_OBJC_BRIDGING_HEADER = "iBeacons-Bridging-Header.h";
				SWIFT_OPTIMIZATION_LEVEL = "-Onone";
			};
			name = Debug;
		};
		B36C413519DBF02E00F25768 /* Release */ = {
			isa = XCBuildConfiguration;
			buildSettings = {
				ASSETCATALOG_COMPILER_APPICON_NAME = AppIcon;
				CLANG_ENABLE_MODULES = YES;
				INFOPLIST_FILE = iBeacons/Info.plist;
				LD_RUNPATH_SEARCH_PATHS = "$(inherited) @executable_path/Frameworks";
				PRODUCT_NAME = "$(TARGET_NAME)";
				PROVISIONING_PROFILE = "716d2182-f0fd-404d-bddc-73a5dc3cf3f7";
				SWIFT_OBJC_BRIDGING_HEADER = "iBeacons-Bridging-Header.h";
			};
			name = Release;
		};
		B36C413719DBF02E00F25768 /* Debug */ = {
			isa = XCBuildConfiguration;
			buildSettings = {
				BUNDLE_LOADER = "$(TEST_HOST)";
				FRAMEWORK_SEARCH_PATHS = (
					"$(SDKROOT)/Developer/Library/Frameworks",
					"$(inherited)",
				);
				GCC_PREPROCESSOR_DEFINITIONS = (
					"DEBUG=1",
					"$(inherited)",
				);
				INFOPLIST_FILE = iBeaconsTests/Info.plist;
				LD_RUNPATH_SEARCH_PATHS = "$(inherited) @executable_path/Frameworks @loader_path/Frameworks";
				PRODUCT_NAME = "$(TARGET_NAME)";
				TEST_HOST = "$(BUILT_PRODUCTS_DIR)/iBeacons.app/iBeacons";
			};
			name = Debug;
		};
		B36C413819DBF02E00F25768 /* Release */ = {
			isa = XCBuildConfiguration;
			buildSettings = {
				BUNDLE_LOADER = "$(TEST_HOST)";
				FRAMEWORK_SEARCH_PATHS = (
					"$(SDKROOT)/Developer/Library/Frameworks",
					"$(inherited)",
				);
				INFOPLIST_FILE = iBeaconsTests/Info.plist;
				LD_RUNPATH_SEARCH_PATHS = "$(inherited) @executable_path/Frameworks @loader_path/Frameworks";
				PRODUCT_NAME = "$(TARGET_NAME)";
				TEST_HOST = "$(BUILT_PRODUCTS_DIR)/iBeacons.app/iBeacons";
			};
			name = Release;
		};
/* End XCBuildConfiguration section */

/* Begin XCConfigurationList section */
		B36C410F19DBF02E00F25768 /* Build configuration list for PBXProject "iBeacons" */ = {
			isa = XCConfigurationList;
			buildConfigurations = (
				B36C413119DBF02E00F25768 /* Debug */,
				B36C413219DBF02E00F25768 /* Release */,
			);
			defaultConfigurationIsVisible = 0;
			defaultConfigurationName = Release;
		};
		B36C413319DBF02E00F25768 /* Build configuration list for PBXNativeTarget "iBeacons" */ = {
			isa = XCConfigurationList;
			buildConfigurations = (
				B36C413419DBF02E00F25768 /* Debug */,
				B36C413519DBF02E00F25768 /* Release */,
			);
			defaultConfigurationIsVisible = 0;
			defaultConfigurationName = Release;
		};
		B36C413619DBF02E00F25768 /* Build configuration list for PBXNativeTarget "iBeaconsTests" */ = {
			isa = XCConfigurationList;
			buildConfigurations = (
				B36C413719DBF02E00F25768 /* Debug */,
				B36C413819DBF02E00F25768 /* Release */,
			);
			defaultConfigurationIsVisible = 0;
			defaultConfigurationName = Release;
		};
/* End XCConfigurationList section */
	};
	rootObject = B36C410C19DBF02E00F25768 /* Project object */;
}
